// !$*UTF8*$!
{
	archiveVersion = 1;
	classes = {
	};
	objectVersion = 56;
	objects = {

/* Begin PBXBuildFile section */
		0F34D37F2AB05D2700A095BB /* MainView.swift in Sources */ = {isa = PBXBuildFile; fileRef = 0F34D37E2AB05D2700A095BB /* MainView.swift */; };
		0F34D3812AB37D9100A095BB /* ScannerView.swift in Sources */ = {isa = PBXBuildFile; fileRef = 0F34D3802AB37D9100A095BB /* ScannerView.swift */; };
		0F4061EC2A9667E700746054 /* SignUpView.swift in Sources */ = {isa = PBXBuildFile; fileRef = 0F4061EB2A9667E700746054 /* SignUpView.swift */; };
		0F4061F02A96738F00746054 /* CustomTextField.swift in Sources */ = {isa = PBXBuildFile; fileRef = 0F4061EF2A96738F00746054 /* CustomTextField.swift */; };
		0F4061F32A967C3100746054 /* LoginView.swift in Sources */ = {isa = PBXBuildFile; fileRef = 0F4061F22A967C3100746054 /* LoginView.swift */; };
		0F4061F52A974FDC00746054 /* User.swift in Sources */ = {isa = PBXBuildFile; fileRef = 0F4061F42A974FDC00746054 /* User.swift */; };
		0F4061FB2A97D5F800746054 /* ErrorText.swift in Sources */ = {isa = PBXBuildFile; fileRef = 0F4061FA2A97D5F800746054 /* ErrorText.swift */; };
		0F4061FD2A97D97E00746054 /* Validation.swift in Sources */ = {isa = PBXBuildFile; fileRef = 0F4061FC2A97D97E00746054 /* Validation.swift */; };
		0F4061FF2A9A8D8E00746054 /* Product.swift in Sources */ = {isa = PBXBuildFile; fileRef = 0F4061FE2A9A8D8E00746054 /* Product.swift */; };
		0F4062022A9B1F3600746054 /* ProfileView.swift in Sources */ = {isa = PBXBuildFile; fileRef = 0F4062012A9B1F3600746054 /* ProfileView.swift */; };
		0F4062042A9B2C0300746054 /* EditField.swift in Sources */ = {isa = PBXBuildFile; fileRef = 0F4062032A9B2C0300746054 /* EditField.swift */; };
		0FBE1D9B2A896A7C00E64231 /* SkinaticsApp.swift in Sources */ = {isa = PBXBuildFile; fileRef = 0FBE1D9A2A896A7C00E64231 /* SkinaticsApp.swift */; };
		0FBE1D9D2A896A7C00E64231 /* ContentView.swift in Sources */ = {isa = PBXBuildFile; fileRef = 0FBE1D9C2A896A7C00E64231 /* ContentView.swift */; };
		0FBE1D9F2A896A7D00E64231 /* Assets.xcassets in Resources */ = {isa = PBXBuildFile; fileRef = 0FBE1D9E2A896A7D00E64231 /* Assets.xcassets */; };
		0FBE1DA22A896A7D00E64231 /* Preview Assets.xcassets in Resources */ = {isa = PBXBuildFile; fileRef = 0FBE1DA12A896A7D00E64231 /* Preview Assets.xcassets */; };
		0FDB62452A8B51C1008B19F1 /* Avenir.ttc in Resources */ = {isa = PBXBuildFile; fileRef = 0FDB62442A8B51C1008B19F1 /* Avenir.ttc */; };
		0FDB624F2A8CAAFD008B19F1 /* SkinQuizView.swift in Sources */ = {isa = PBXBuildFile; fileRef = 0FDB624E2A8CAAFD008B19F1 /* SkinQuizView.swift */; };
		0FDB62522A8D026D008B19F1 /* Buttons.swift in Sources */ = {isa = PBXBuildFile; fileRef = 0FDB62512A8D026D008B19F1 /* Buttons.swift */; };
		0FDB62542A8E115E008B19F1 /* SkinIssuesView.swift in Sources */ = {isa = PBXBuildFile; fileRef = 0FDB62532A8E115E008B19F1 /* SkinIssuesView.swift */; };
		0FDB62582A8E124D008B19F1 /* Text+Extensions.swift in Sources */ = {isa = PBXBuildFile; fileRef = 0FDB62572A8E124D008B19F1 /* Text+Extensions.swift */; };
		0FDB625E2A8E14E1008B19F1 /* Checkbox.swift in Sources */ = {isa = PBXBuildFile; fileRef = 0FDB625D2A8E14E1008B19F1 /* Checkbox.swift */; };
		0FDB62602A8E76AA008B19F1 /* CheckItem.swift in Sources */ = {isa = PBXBuildFile; fileRef = 0FDB625F2A8E76AA008B19F1 /* CheckItem.swift */; };
		0FDB62662A8E98BD008B19F1 /* SkinConditionView.swift in Sources */ = {isa = PBXBuildFile; fileRef = 0FDB62652A8E98BD008B19F1 /* SkinConditionView.swift */; };
		0FDB62692A8F68DE008B19F1 /* View+Extensions.swift in Sources */ = {isa = PBXBuildFile; fileRef = 0FDB62682A8F68DE008B19F1 /* View+Extensions.swift */; };
		0FDB626C2A8F6B4C008B19F1 /* SetHelper.swift in Sources */ = {isa = PBXBuildFile; fileRef = 0FDB626B2A8F6B4C008B19F1 /* SetHelper.swift */; };
		0FDB62722A9011E5008B19F1 /* QuizTemplate.swift in Sources */ = {isa = PBXBuildFile; fileRef = 0FDB62712A9011E5008B19F1 /* QuizTemplate.swift */; };
		0FF271882AA720070092FD3C /* CameraView.swift in Sources */ = {isa = PBXBuildFile; fileRef = 0FF271872AA720070092FD3C /* CameraView.swift */; };
		0FF2718B2AA859930092FD3C /* IngredientDictView.swift in Sources */ = {isa = PBXBuildFile; fileRef = 0FF2718A2AA859930092FD3C /* IngredientDictView.swift */; };
		0FF2718D2AA859E20092FD3C /* Ingredient.swift in Sources */ = {isa = PBXBuildFile; fileRef = 0FF2718C2AA859E20092FD3C /* Ingredient.swift */; };
		0FF2718F2AA85AF70092FD3C /* IngredientCard.swift in Sources */ = {isa = PBXBuildFile; fileRef = 0FF2718E2AA85AF70092FD3C /* IngredientCard.swift */; };
		0FF271912AA8715E0092FD3C /* ResultsView.swift in Sources */ = {isa = PBXBuildFile; fileRef = 0FF271902AA8715E0092FD3C /* ResultsView.swift */; };
		0FF271942AA871E50092FD3C /* ProductDetailView.swift in Sources */ = {isa = PBXBuildFile; fileRef = 0FF271932AA871E50092FD3C /* ProductDetailView.swift */; };
		0FF271962AA8CA1C0092FD3C /* StoreCard.swift in Sources */ = {isa = PBXBuildFile; fileRef = 0FF271952AA8CA1C0092FD3C /* StoreCard.swift */; };
		0FF271982AA8CE9D0092FD3C /* Store.swift in Sources */ = {isa = PBXBuildFile; fileRef = 0FF271972AA8CE9D0092FD3C /* Store.swift */; };
		0FF2719B2AAA53740092FD3C /* ResultSection.swift in Sources */ = {isa = PBXBuildFile; fileRef = 0FF2719A2AAA53740092FD3C /* ResultSection.swift */; };
		0FF2719E2AAB1C110092FD3C /* TabBarItem.swift in Sources */ = {isa = PBXBuildFile; fileRef = 0FF2719D2AAB1C110092FD3C /* TabBarItem.swift */; };
		0FF271A02AAB1E2A0092FD3C /* TopTabBar.swift in Sources */ = {isa = PBXBuildFile; fileRef = 0FF2719F2AAB1E2A0092FD3C /* TopTabBar.swift */; };
		0FF271A52AACA9430092FD3C /* ReviewList.swift in Sources */ = {isa = PBXBuildFile; fileRef = 0FF271A42AACA9430092FD3C /* ReviewList.swift */; };
		0FF271A82AACA9DC0092FD3C /* Review.swift in Sources */ = {isa = PBXBuildFile; fileRef = 0FF271A72AACA9DC0092FD3C /* Review.swift */; };
		0FF271AA2AACD6390092FD3C /* InfoSheetView.swift in Sources */ = {isa = PBXBuildFile; fileRef = 0FF271A92AACD6390092FD3C /* InfoSheetView.swift */; };
		0FF5297C2A9B388E002461C8 /* InfoCapsule.swift in Sources */ = {isa = PBXBuildFile; fileRef = 0FF5297B2A9B388E002461C8 /* InfoCapsule.swift */; };
		0FF5297E2A9B3DE0002461C8 /* SkinInfo.swift in Sources */ = {isa = PBXBuildFile; fileRef = 0FF5297D2A9B3DE0002461C8 /* SkinInfo.swift */; };
		0FF529812A9B7820002461C8 /* ScreenModifier.swift in Sources */ = {isa = PBXBuildFile; fileRef = 0FF529802A9B7820002461C8 /* ScreenModifier.swift */; };
		497B857B2A98651600F90871 /* HomeView.swift in Sources */ = {isa = PBXBuildFile; fileRef = 497B857A2A98651600F90871 /* HomeView.swift */; };
		497B857D2A9865A200F90871 /* ProductCardView.swift in Sources */ = {isa = PBXBuildFile; fileRef = 497B857C2A9865A200F90871 /* ProductCardView.swift */; };
		497B85802A98676C00F90871 /* StartUpView.swift in Sources */ = {isa = PBXBuildFile; fileRef = 497B857F2A98676C00F90871 /* StartUpView.swift */; };
/* End PBXBuildFile section */

/* Begin PBXContainerItemProxy section */
		0FBE1DAD2A896A7D00E64231 /* PBXContainerItemProxy */ = {
			isa = PBXContainerItemProxy;
			containerPortal = 0FBE1D8F2A896A7C00E64231 /* Project object */;
			proxyType = 1;
			remoteGlobalIDString = 0FBE1D962A896A7C00E64231;
			remoteInfo = Skinatics;
		};
		0FBE1DB72A896A7E00E64231 /* PBXContainerItemProxy */ = {
			isa = PBXContainerItemProxy;
			containerPortal = 0FBE1D8F2A896A7C00E64231 /* Project object */;
			proxyType = 1;
			remoteGlobalIDString = 0FBE1D962A896A7C00E64231;
			remoteInfo = Skinatics;
		};
/* End PBXContainerItemProxy section */

/* Begin PBXFileReference section */
		0F34D37E2AB05D2700A095BB /* MainView.swift */ = {isa = PBXFileReference; lastKnownFileType = sourcecode.swift; path = MainView.swift; sourceTree = "<group>"; };
		0F34D3802AB37D9100A095BB /* ScannerView.swift */ = {isa = PBXFileReference; lastKnownFileType = sourcecode.swift; path = ScannerView.swift; sourceTree = "<group>"; };
		0F4061EB2A9667E700746054 /* SignUpView.swift */ = {isa = PBXFileReference; lastKnownFileType = sourcecode.swift; path = SignUpView.swift; sourceTree = "<group>"; };
		0F4061EF2A96738F00746054 /* CustomTextField.swift */ = {isa = PBXFileReference; lastKnownFileType = sourcecode.swift; path = CustomTextField.swift; sourceTree = "<group>"; };
		0F4061F22A967C3100746054 /* LoginView.swift */ = {isa = PBXFileReference; lastKnownFileType = sourcecode.swift; path = LoginView.swift; sourceTree = "<group>"; };
		0F4061F42A974FDC00746054 /* User.swift */ = {isa = PBXFileReference; lastKnownFileType = sourcecode.swift; path = User.swift; sourceTree = "<group>"; };
		0F4061FA2A97D5F800746054 /* ErrorText.swift */ = {isa = PBXFileReference; lastKnownFileType = sourcecode.swift; path = ErrorText.swift; sourceTree = "<group>"; };
		0F4061FC2A97D97E00746054 /* Validation.swift */ = {isa = PBXFileReference; lastKnownFileType = sourcecode.swift; path = Validation.swift; sourceTree = "<group>"; };
		0F4061FE2A9A8D8E00746054 /* Product.swift */ = {isa = PBXFileReference; lastKnownFileType = sourcecode.swift; path = Product.swift; sourceTree = "<group>"; };
		0F4062012A9B1F3600746054 /* ProfileView.swift */ = {isa = PBXFileReference; lastKnownFileType = sourcecode.swift; path = ProfileView.swift; sourceTree = "<group>"; };
		0F4062032A9B2C0300746054 /* EditField.swift */ = {isa = PBXFileReference; lastKnownFileType = sourcecode.swift; path = EditField.swift; sourceTree = "<group>"; };
		0FBE1D972A896A7C00E64231 /* Skinatics.app */ = {isa = PBXFileReference; explicitFileType = wrapper.application; includeInIndex = 0; path = Skinatics.app; sourceTree = BUILT_PRODUCTS_DIR; };
		0FBE1D9A2A896A7C00E64231 /* SkinaticsApp.swift */ = {isa = PBXFileReference; lastKnownFileType = sourcecode.swift; path = SkinaticsApp.swift; sourceTree = "<group>"; };
		0FBE1D9C2A896A7C00E64231 /* ContentView.swift */ = {isa = PBXFileReference; lastKnownFileType = sourcecode.swift; path = ContentView.swift; sourceTree = "<group>"; };
		0FBE1D9E2A896A7D00E64231 /* Assets.xcassets */ = {isa = PBXFileReference; lastKnownFileType = folder.assetcatalog; path = Assets.xcassets; sourceTree = "<group>"; };
		0FBE1DA12A896A7D00E64231 /* Preview Assets.xcassets */ = {isa = PBXFileReference; lastKnownFileType = folder.assetcatalog; path = "Preview Assets.xcassets"; sourceTree = "<group>"; };
		0FBE1DAC2A896A7D00E64231 /* SkinaticsTests.xctest */ = {isa = PBXFileReference; explicitFileType = wrapper.cfbundle; includeInIndex = 0; path = SkinaticsTests.xctest; sourceTree = BUILT_PRODUCTS_DIR; };
		0FBE1DB62A896A7E00E64231 /* SkinaticsUITests.xctest */ = {isa = PBXFileReference; explicitFileType = wrapper.cfbundle; includeInIndex = 0; path = SkinaticsUITests.xctest; sourceTree = BUILT_PRODUCTS_DIR; };
		0FDB62442A8B51C1008B19F1 /* Avenir.ttc */ = {isa = PBXFileReference; lastKnownFileType = file; path = Avenir.ttc; sourceTree = "<group>"; };
		0FDB624E2A8CAAFD008B19F1 /* SkinQuizView.swift */ = {isa = PBXFileReference; lastKnownFileType = sourcecode.swift; path = SkinQuizView.swift; sourceTree = "<group>"; };
		0FDB62512A8D026D008B19F1 /* Buttons.swift */ = {isa = PBXFileReference; lastKnownFileType = sourcecode.swift; path = Buttons.swift; sourceTree = "<group>"; };
		0FDB62532A8E115E008B19F1 /* SkinIssuesView.swift */ = {isa = PBXFileReference; lastKnownFileType = sourcecode.swift; path = SkinIssuesView.swift; sourceTree = "<group>"; };
		0FDB62572A8E124D008B19F1 /* Text+Extensions.swift */ = {isa = PBXFileReference; lastKnownFileType = sourcecode.swift; path = "Text+Extensions.swift"; sourceTree = "<group>"; };
		0FDB625D2A8E14E1008B19F1 /* Checkbox.swift */ = {isa = PBXFileReference; lastKnownFileType = sourcecode.swift; path = Checkbox.swift; sourceTree = "<group>"; };
		0FDB625F2A8E76AA008B19F1 /* CheckItem.swift */ = {isa = PBXFileReference; lastKnownFileType = sourcecode.swift; path = CheckItem.swift; sourceTree = "<group>"; };
		0FDB62652A8E98BD008B19F1 /* SkinConditionView.swift */ = {isa = PBXFileReference; lastKnownFileType = sourcecode.swift; path = SkinConditionView.swift; sourceTree = "<group>"; };
		0FDB62682A8F68DE008B19F1 /* View+Extensions.swift */ = {isa = PBXFileReference; lastKnownFileType = sourcecode.swift; path = "View+Extensions.swift"; sourceTree = "<group>"; };
		0FDB626B2A8F6B4C008B19F1 /* SetHelper.swift */ = {isa = PBXFileReference; lastKnownFileType = sourcecode.swift; path = SetHelper.swift; sourceTree = "<group>"; };
		0FDB62712A9011E5008B19F1 /* QuizTemplate.swift */ = {isa = PBXFileReference; lastKnownFileType = sourcecode.swift; path = QuizTemplate.swift; sourceTree = "<group>"; };
		0FF271872AA720070092FD3C /* CameraView.swift */ = {isa = PBXFileReference; lastKnownFileType = sourcecode.swift; path = CameraView.swift; sourceTree = "<group>"; };
		0FF2718A2AA859930092FD3C /* IngredientDictView.swift */ = {isa = PBXFileReference; lastKnownFileType = sourcecode.swift; path = IngredientDictView.swift; sourceTree = "<group>"; };
		0FF2718C2AA859E20092FD3C /* Ingredient.swift */ = {isa = PBXFileReference; lastKnownFileType = sourcecode.swift; path = Ingredient.swift; sourceTree = "<group>"; };
		0FF2718E2AA85AF70092FD3C /* IngredientCard.swift */ = {isa = PBXFileReference; lastKnownFileType = sourcecode.swift; path = IngredientCard.swift; sourceTree = "<group>"; };
		0FF271902AA8715E0092FD3C /* ResultsView.swift */ = {isa = PBXFileReference; lastKnownFileType = sourcecode.swift; path = ResultsView.swift; sourceTree = "<group>"; };
		0FF271932AA871E50092FD3C /* ProductDetailView.swift */ = {isa = PBXFileReference; lastKnownFileType = sourcecode.swift; path = ProductDetailView.swift; sourceTree = "<group>"; };
		0FF271952AA8CA1C0092FD3C /* StoreCard.swift */ = {isa = PBXFileReference; lastKnownFileType = sourcecode.swift; path = StoreCard.swift; sourceTree = "<group>"; };
		0FF271972AA8CE9D0092FD3C /* Store.swift */ = {isa = PBXFileReference; lastKnownFileType = sourcecode.swift; path = Store.swift; sourceTree = "<group>"; };
		0FF2719A2AAA53740092FD3C /* ResultSection.swift */ = {isa = PBXFileReference; lastKnownFileType = sourcecode.swift; path = ResultSection.swift; sourceTree = "<group>"; };
		0FF2719D2AAB1C110092FD3C /* TabBarItem.swift */ = {isa = PBXFileReference; lastKnownFileType = sourcecode.swift; path = TabBarItem.swift; sourceTree = "<group>"; };
		0FF2719F2AAB1E2A0092FD3C /* TopTabBar.swift */ = {isa = PBXFileReference; lastKnownFileType = sourcecode.swift; path = TopTabBar.swift; sourceTree = "<group>"; };
		0FF271A42AACA9430092FD3C /* ReviewList.swift */ = {isa = PBXFileReference; lastKnownFileType = sourcecode.swift; path = ReviewList.swift; sourceTree = "<group>"; };
		0FF271A72AACA9DC0092FD3C /* Review.swift */ = {isa = PBXFileReference; lastKnownFileType = sourcecode.swift; path = Review.swift; sourceTree = "<group>"; };
		0FF271A92AACD6390092FD3C /* InfoSheetView.swift */ = {isa = PBXFileReference; lastKnownFileType = sourcecode.swift; path = InfoSheetView.swift; sourceTree = "<group>"; };
		0FF5297B2A9B388E002461C8 /* InfoCapsule.swift */ = {isa = PBXFileReference; lastKnownFileType = sourcecode.swift; path = InfoCapsule.swift; sourceTree = "<group>"; };
		0FF5297D2A9B3DE0002461C8 /* SkinInfo.swift */ = {isa = PBXFileReference; lastKnownFileType = sourcecode.swift; path = SkinInfo.swift; sourceTree = "<group>"; };
		0FF5297F2A9B7529002461C8 /* Info.plist */ = {isa = PBXFileReference; lastKnownFileType = text.plist; path = Info.plist; sourceTree = "<group>"; };
		0FF529802A9B7820002461C8 /* ScreenModifier.swift */ = {isa = PBXFileReference; lastKnownFileType = sourcecode.swift; path = ScreenModifier.swift; sourceTree = "<group>"; };
		497B857A2A98651600F90871 /* HomeView.swift */ = {isa = PBXFileReference; lastKnownFileType = sourcecode.swift; path = HomeView.swift; sourceTree = "<group>"; };
		497B857C2A9865A200F90871 /* ProductCardView.swift */ = {isa = PBXFileReference; lastKnownFileType = sourcecode.swift; path = ProductCardView.swift; sourceTree = "<group>"; };
		497B857F2A98676C00F90871 /* StartUpView.swift */ = {isa = PBXFileReference; lastKnownFileType = sourcecode.swift; path = StartUpView.swift; sourceTree = "<group>"; };
/* End PBXFileReference section */

/* Begin PBXFrameworksBuildPhase section */
		0FBE1D942A896A7C00E64231 /* Frameworks */ = {
			isa = PBXFrameworksBuildPhase;
			buildActionMask = 2147483647;
			files = (
			);
			runOnlyForDeploymentPostprocessing = 0;
		};
		0FBE1DA92A896A7D00E64231 /* Frameworks */ = {
			isa = PBXFrameworksBuildPhase;
			buildActionMask = 2147483647;
			files = (
			);
			runOnlyForDeploymentPostprocessing = 0;
		};
		0FBE1DB32A896A7E00E64231 /* Frameworks */ = {
			isa = PBXFrameworksBuildPhase;
			buildActionMask = 2147483647;
			files = (
			);
			runOnlyForDeploymentPostprocessing = 0;
		};
/* End PBXFrameworksBuildPhase section */

/* Begin PBXGroup section */
		0F4061E72A94AC3800746054 /* Model */ = {
			isa = PBXGroup;
			children = (
				0F4061F42A974FDC00746054 /* User.swift */,
				0F4061FE2A9A8D8E00746054 /* Product.swift */,
				0FF2718C2AA859E20092FD3C /* Ingredient.swift */,
				0FF271972AA8CE9D0092FD3C /* Store.swift */,
				0FF271A72AACA9DC0092FD3C /* Review.swift */,
			);
			path = Model;
			sourceTree = "<group>";
		};
		0F4061EA2A9667CA00746054 /* Auth */ = {
			isa = PBXGroup;
			children = (
				0F4061EB2A9667E700746054 /* SignUpView.swift */,
				0F4061F22A967C3100746054 /* LoginView.swift */,
			);
			path = Auth;
			sourceTree = "<group>";
		};
		0F4062002A9B1F1F00746054 /* Profile */ = {
			isa = PBXGroup;
			children = (
				0FF529782A9B3722002461C8 /* Subviews */,
				0F4062012A9B1F3600746054 /* ProfileView.swift */,
			);
			path = Profile;
			sourceTree = "<group>";
		};
		0FBE1D8E2A896A7C00E64231 = {
			isa = PBXGroup;
			children = (
				0FBE1D992A896A7C00E64231 /* Skinatics */,
				0FBE1D982A896A7C00E64231 /* Products */,
			);
			sourceTree = "<group>";
		};
		0FBE1D982A896A7C00E64231 /* Products */ = {
			isa = PBXGroup;
			children = (
				0FBE1D972A896A7C00E64231 /* Skinatics.app */,
				0FBE1DAC2A896A7D00E64231 /* SkinaticsTests.xctest */,
				0FBE1DB62A896A7E00E64231 /* SkinaticsUITests.xctest */,
			);
			name = Products;
			sourceTree = "<group>";
		};
		0FBE1D992A896A7C00E64231 /* Skinatics */ = {
			isa = PBXGroup;
			children = (
				0FF5297F2A9B7529002461C8 /* Info.plist */,
				0F4061E72A94AC3800746054 /* Model */,
				0FDB626A2A8F6ACF008B19F1 /* Helper */,
				0FDB62672A8F686C008B19F1 /* Extension */,
				0FDB62552A8E1180008B19F1 /* View */,
				0FDB62502A8D0250008B19F1 /* UIComponents */,
				0FDB62422A8B5182008B19F1 /* Resources */,
				0FBE1D9A2A896A7C00E64231 /* SkinaticsApp.swift */,
				0FBE1D9C2A896A7C00E64231 /* ContentView.swift */,
				0FBE1D9E2A896A7D00E64231 /* Assets.xcassets */,
				0FBE1DA02A896A7D00E64231 /* Preview Content */,
				0F34D37E2AB05D2700A095BB /* MainView.swift */,
			);
			path = Skinatics;
			sourceTree = "<group>";
		};
		0FBE1DA02A896A7D00E64231 /* Preview Content */ = {
			isa = PBXGroup;
			children = (
				0FBE1DA12A896A7D00E64231 /* Preview Assets.xcassets */,
			);
			path = "Preview Content";
			sourceTree = "<group>";
		};
		0FDB62422A8B5182008B19F1 /* Resources */ = {
			isa = PBXGroup;
			children = (
				0FDB62432A8B5194008B19F1 /* fonts */,
			);
			path = Resources;
			sourceTree = "<group>";
		};
		0FDB62432A8B5194008B19F1 /* fonts */ = {
			isa = PBXGroup;
			children = (
				0FDB62442A8B51C1008B19F1 /* Avenir.ttc */,
			);
			path = fonts;
			sourceTree = "<group>";
		};
		0FDB62502A8D0250008B19F1 /* UIComponents */ = {
			isa = PBXGroup;
			children = (
				0FF2719C2AAB1C010092FD3C /* Navigation */,
				0FDB62512A8D026D008B19F1 /* Buttons.swift */,
				0FDB62572A8E124D008B19F1 /* Text+Extensions.swift */,
				0F4061EF2A96738F00746054 /* CustomTextField.swift */,
				0F4061FA2A97D5F800746054 /* ErrorText.swift */,
				0FF529802A9B7820002461C8 /* ScreenModifier.swift */,
			);
			path = UIComponents;
			sourceTree = "<group>";
		};
		0FDB62552A8E1180008B19F1 /* View */ = {
			isa = PBXGroup;
			children = (
				0FF271922AA871D10092FD3C /* ProductDetail */,
				0FF271892AA859750092FD3C /* IngredientDictionary */,
				0FF271862AA71EFB0092FD3C /* Camera */,
				0F4062002A9B1F1F00746054 /* Profile */,
				497B857E2A98675800F90871 /* StartUp */,
				497B85792A98650600F90871 /* Home */,
				0F4061EA2A9667CA00746054 /* Auth */,
				0FDB62592A8E1373008B19F1 /* SkinQuiz */,
			);
			path = View;
			sourceTree = "<group>";
		};
		0FDB62592A8E1373008B19F1 /* SkinQuiz */ = {
			isa = PBXGroup;
			children = (
				0FDB625A2A8E13F0008B19F1 /* Subviews */,
				0FDB624E2A8CAAFD008B19F1 /* SkinQuizView.swift */,
				0FDB62532A8E115E008B19F1 /* SkinIssuesView.swift */,
				0FDB62652A8E98BD008B19F1 /* SkinConditionView.swift */,
			);
			path = SkinQuiz;
			sourceTree = "<group>";
		};
		0FDB625A2A8E13F0008B19F1 /* Subviews */ = {
			isa = PBXGroup;
			children = (
				0FDB625D2A8E14E1008B19F1 /* Checkbox.swift */,
				0FDB625F2A8E76AA008B19F1 /* CheckItem.swift */,
				0FDB62712A9011E5008B19F1 /* QuizTemplate.swift */,
			);
			path = Subviews;
			sourceTree = "<group>";
		};
		0FDB62672A8F686C008B19F1 /* Extension */ = {
			isa = PBXGroup;
			children = (
				0FDB62682A8F68DE008B19F1 /* View+Extensions.swift */,
			);
			path = Extension;
			sourceTree = "<group>";
		};
		0FDB626A2A8F6ACF008B19F1 /* Helper */ = {
			isa = PBXGroup;
			children = (
				0F4061FC2A97D97E00746054 /* Validation.swift */,
				0FDB626B2A8F6B4C008B19F1 /* SetHelper.swift */,
			);
			path = Helper;
			sourceTree = "<group>";
		};
		0FF271862AA71EFB0092FD3C /* Camera */ = {
			isa = PBXGroup;
			children = (
				0FF271992AAA535C0092FD3C /* Subviews */,
				0FF271872AA720070092FD3C /* CameraView.swift */,
				0FF271902AA8715E0092FD3C /* ResultsView.swift */,
				0F34D3802AB37D9100A095BB /* ScannerView.swift */,
			);
			path = Camera;
			sourceTree = "<group>";
		};
		0FF271892AA859750092FD3C /* IngredientDictionary */ = {
			isa = PBXGroup;
			children = (
				0FF2718A2AA859930092FD3C /* IngredientDictView.swift */,
				0FF2718E2AA85AF70092FD3C /* IngredientCard.swift */,
			);
			path = IngredientDictionary;
			sourceTree = "<group>";
		};
		0FF271922AA871D10092FD3C /* ProductDetail */ = {
			isa = PBXGroup;
			children = (
				0FF271A62AACA9590092FD3C /* Subview */,
				0FF271932AA871E50092FD3C /* ProductDetailView.swift */,
			);
			path = ProductDetail;
			sourceTree = "<group>";
		};
		0FF271992AAA535C0092FD3C /* Subviews */ = {
			isa = PBXGroup;
			children = (
				0FF2719A2AAA53740092FD3C /* ResultSection.swift */,
				0FF271A92AACD6390092FD3C /* InfoSheetView.swift */,
			);
			path = Subviews;
			sourceTree = "<group>";
		};
		0FF2719C2AAB1C010092FD3C /* Navigation */ = {
			isa = PBXGroup;
			children = (
				0FF271A12AAB1E3B0092FD3C /* TopTab */,
			);
			path = Navigation;
			sourceTree = "<group>";
		};
		0FF271A12AAB1E3B0092FD3C /* TopTab */ = {
			isa = PBXGroup;
			children = (
				0FF2719F2AAB1E2A0092FD3C /* TopTabBar.swift */,
				0FF2719D2AAB1C110092FD3C /* TabBarItem.swift */,
			);
			path = TopTab;
			sourceTree = "<group>";
		};
		0FF271A62AACA9590092FD3C /* Subview */ = {
			isa = PBXGroup;
			children = (
				0FF271A42AACA9430092FD3C /* ReviewList.swift */,
				0FF271952AA8CA1C0092FD3C /* StoreCard.swift */,
			);
			path = Subview;
			sourceTree = "<group>";
		};
		0FF529782A9B3722002461C8 /* Subviews */ = {
			isa = PBXGroup;
			children = (
				0F4062032A9B2C0300746054 /* EditField.swift */,
				0FF5297B2A9B388E002461C8 /* InfoCapsule.swift */,
				0FF5297D2A9B3DE0002461C8 /* SkinInfo.swift */,
			);
			path = Subviews;
			sourceTree = "<group>";
		};
		497B85792A98650600F90871 /* Home */ = {
			isa = PBXGroup;
			children = (
				497B857A2A98651600F90871 /* HomeView.swift */,
				497B857C2A9865A200F90871 /* ProductCardView.swift */,
			);
			path = Home;
			sourceTree = "<group>";
		};
		497B857E2A98675800F90871 /* StartUp */ = {
			isa = PBXGroup;
			children = (
				497B857F2A98676C00F90871 /* StartUpView.swift */,
			);
			path = StartUp;
			sourceTree = "<group>";
		};
/* End PBXGroup section */

/* Begin PBXNativeTarget section */
		0FBE1D962A896A7C00E64231 /* Skinatics */ = {
			isa = PBXNativeTarget;
			buildConfigurationList = 0FBE1DC02A896A7E00E64231 /* Build configuration list for PBXNativeTarget "Skinatics" */;
			buildPhases = (
				0FBE1D932A896A7C00E64231 /* Sources */,
				0FBE1D942A896A7C00E64231 /* Frameworks */,
				0FBE1D952A896A7C00E64231 /* Resources */,
			);
			buildRules = (
			);
			dependencies = (
			);
			name = Skinatics;
			productName = Skinatics;
			productReference = 0FBE1D972A896A7C00E64231 /* Skinatics.app */;
			productType = "com.apple.product-type.application";
		};
		0FBE1DAB2A896A7D00E64231 /* SkinaticsTests */ = {
			isa = PBXNativeTarget;
			buildConfigurationList = 0FBE1DC32A896A7E00E64231 /* Build configuration list for PBXNativeTarget "SkinaticsTests" */;
			buildPhases = (
				0FBE1DA82A896A7D00E64231 /* Sources */,
				0FBE1DA92A896A7D00E64231 /* Frameworks */,
				0FBE1DAA2A896A7D00E64231 /* Resources */,
			);
			buildRules = (
			);
			dependencies = (
				0FBE1DAE2A896A7D00E64231 /* PBXTargetDependency */,
			);
			name = SkinaticsTests;
			productName = SkinaticsTests;
			productReference = 0FBE1DAC2A896A7D00E64231 /* SkinaticsTests.xctest */;
			productType = "com.apple.product-type.bundle.unit-test";
		};
		0FBE1DB52A896A7E00E64231 /* SkinaticsUITests */ = {
			isa = PBXNativeTarget;
			buildConfigurationList = 0FBE1DC62A896A7E00E64231 /* Build configuration list for PBXNativeTarget "SkinaticsUITests" */;
			buildPhases = (
				0FBE1DB22A896A7E00E64231 /* Sources */,
				0FBE1DB32A896A7E00E64231 /* Frameworks */,
				0FBE1DB42A896A7E00E64231 /* Resources */,
			);
			buildRules = (
			);
			dependencies = (
				0FBE1DB82A896A7E00E64231 /* PBXTargetDependency */,
			);
			name = SkinaticsUITests;
			productName = SkinaticsUITests;
			productReference = 0FBE1DB62A896A7E00E64231 /* SkinaticsUITests.xctest */;
			productType = "com.apple.product-type.bundle.ui-testing";
		};
/* End PBXNativeTarget section */

/* Begin PBXProject section */
		0FBE1D8F2A896A7C00E64231 /* Project object */ = {
			isa = PBXProject;
			attributes = {
				BuildIndependentTargetsInParallel = 1;
				LastSwiftUpdateCheck = 1430;
				LastUpgradeCheck = 1430;
				TargetAttributes = {
					0FBE1D962A896A7C00E64231 = {
						CreatedOnToolsVersion = 14.3;
					};
					0FBE1DAB2A896A7D00E64231 = {
						CreatedOnToolsVersion = 14.3;
						TestTargetID = 0FBE1D962A896A7C00E64231;
					};
					0FBE1DB52A896A7E00E64231 = {
						CreatedOnToolsVersion = 14.3;
						TestTargetID = 0FBE1D962A896A7C00E64231;
					};
				};
			};
			buildConfigurationList = 0FBE1D922A896A7C00E64231 /* Build configuration list for PBXProject "Skinatics" */;
			compatibilityVersion = "Xcode 14.0";
			developmentRegion = en;
			hasScannedForEncodings = 0;
			knownRegions = (
				en,
				Base,
			);
			mainGroup = 0FBE1D8E2A896A7C00E64231;
			productRefGroup = 0FBE1D982A896A7C00E64231 /* Products */;
			projectDirPath = "";
			projectRoot = "";
			targets = (
				0FBE1D962A896A7C00E64231 /* Skinatics */,
				0FBE1DAB2A896A7D00E64231 /* SkinaticsTests */,
				0FBE1DB52A896A7E00E64231 /* SkinaticsUITests */,
			);
		};
/* End PBXProject section */

/* Begin PBXResourcesBuildPhase section */
		0FBE1D952A896A7C00E64231 /* Resources */ = {
			isa = PBXResourcesBuildPhase;
			buildActionMask = 2147483647;
			files = (
				0FBE1DA22A896A7D00E64231 /* Preview Assets.xcassets in Resources */,
				0FBE1D9F2A896A7D00E64231 /* Assets.xcassets in Resources */,
				0FDB62452A8B51C1008B19F1 /* Avenir.ttc in Resources */,
			);
			runOnlyForDeploymentPostprocessing = 0;
		};
		0FBE1DAA2A896A7D00E64231 /* Resources */ = {
			isa = PBXResourcesBuildPhase;
			buildActionMask = 2147483647;
			files = (
			);
			runOnlyForDeploymentPostprocessing = 0;
		};
		0FBE1DB42A896A7E00E64231 /* Resources */ = {
			isa = PBXResourcesBuildPhase;
			buildActionMask = 2147483647;
			files = (
			);
			runOnlyForDeploymentPostprocessing = 0;
		};
/* End PBXResourcesBuildPhase section */

/* Begin PBXSourcesBuildPhase section */
		0FBE1D932A896A7C00E64231 /* Sources */ = {
			isa = PBXSourcesBuildPhase;
			buildActionMask = 2147483647;
			files = (
				0F4062042A9B2C0300746054 /* EditField.swift in Sources */,
				0FF271942AA871E50092FD3C /* ProductDetailView.swift in Sources */,
				0FDB625E2A8E14E1008B19F1 /* Checkbox.swift in Sources */,
				0F4061FD2A97D97E00746054 /* Validation.swift in Sources */,
				0FF271882AA720070092FD3C /* CameraView.swift in Sources */,
				0FF2718F2AA85AF70092FD3C /* IngredientCard.swift in Sources */,
				0FBE1D9D2A896A7C00E64231 /* ContentView.swift in Sources */,
				0FDB626C2A8F6B4C008B19F1 /* SetHelper.swift in Sources */,
				0F34D3812AB37D9100A095BB /* ScannerView.swift in Sources */,
				0FF5297C2A9B388E002461C8 /* InfoCapsule.swift in Sources */,
				0FF2719E2AAB1C110092FD3C /* TabBarItem.swift in Sources */,
				0FDB62692A8F68DE008B19F1 /* View+Extensions.swift in Sources */,
				0FDB62602A8E76AA008B19F1 /* CheckItem.swift in Sources */,
				0FDB62662A8E98BD008B19F1 /* SkinConditionView.swift in Sources */,
				0F4061F02A96738F00746054 /* CustomTextField.swift in Sources */,
				0FF2718B2AA859930092FD3C /* IngredientDictView.swift in Sources */,
				0FF5297E2A9B3DE0002461C8 /* SkinInfo.swift in Sources */,
				0F4061F52A974FDC00746054 /* User.swift in Sources */,
				0FF271A02AAB1E2A0092FD3C /* TopTabBar.swift in Sources */,
				0FF271912AA8715E0092FD3C /* ResultsView.swift in Sources */,
				0FDB62722A9011E5008B19F1 /* QuizTemplate.swift in Sources */,
				0FF271A52AACA9430092FD3C /* ReviewList.swift in Sources */,
				497B857B2A98651600F90871 /* HomeView.swift in Sources */,
				497B85802A98676C00F90871 /* StartUpView.swift in Sources */,
				0FF271A82AACA9DC0092FD3C /* Review.swift in Sources */,
				0F4061FF2A9A8D8E00746054 /* Product.swift in Sources */,
				0FDB624F2A8CAAFD008B19F1 /* SkinQuizView.swift in Sources */,
				0F4061EC2A9667E700746054 /* SignUpView.swift in Sources */,
				0FF2718D2AA859E20092FD3C /* Ingredient.swift in Sources */,
				0FDB62542A8E115E008B19F1 /* SkinIssuesView.swift in Sources */,
				0F34D37F2AB05D2700A095BB /* MainView.swift in Sources */,
				0F4062022A9B1F3600746054 /* ProfileView.swift in Sources */,
				0FDB62522A8D026D008B19F1 /* Buttons.swift in Sources */,
				0F4061FB2A97D5F800746054 /* ErrorText.swift in Sources */,
				0FF271962AA8CA1C0092FD3C /* StoreCard.swift in Sources */,
				497B857D2A9865A200F90871 /* ProductCardView.swift in Sources */,
				0FF2719B2AAA53740092FD3C /* ResultSection.swift in Sources */,
				0FDB62582A8E124D008B19F1 /* Text+Extensions.swift in Sources */,
				0F4061F32A967C3100746054 /* LoginView.swift in Sources */,
				0FF271982AA8CE9D0092FD3C /* Store.swift in Sources */,
				0FF271AA2AACD6390092FD3C /* InfoSheetView.swift in Sources */,
				0FF529812A9B7820002461C8 /* ScreenModifier.swift in Sources */,
				0FBE1D9B2A896A7C00E64231 /* SkinaticsApp.swift in Sources */,
			);
			runOnlyForDeploymentPostprocessing = 0;
		};
		0FBE1DA82A896A7D00E64231 /* Sources */ = {
			isa = PBXSourcesBuildPhase;
			buildActionMask = 2147483647;
			files = (
			);
			runOnlyForDeploymentPostprocessing = 0;
		};
		0FBE1DB22A896A7E00E64231 /* Sources */ = {
			isa = PBXSourcesBuildPhase;
			buildActionMask = 2147483647;
			files = (
			);
			runOnlyForDeploymentPostprocessing = 0;
		};
/* End PBXSourcesBuildPhase section */

/* Begin PBXTargetDependency section */
		0FBE1DAE2A896A7D00E64231 /* PBXTargetDependency */ = {
			isa = PBXTargetDependency;
			target = 0FBE1D962A896A7C00E64231 /* Skinatics */;
			targetProxy = 0FBE1DAD2A896A7D00E64231 /* PBXContainerItemProxy */;
		};
		0FBE1DB82A896A7E00E64231 /* PBXTargetDependency */ = {
			isa = PBXTargetDependency;
			target = 0FBE1D962A896A7C00E64231 /* Skinatics */;
			targetProxy = 0FBE1DB72A896A7E00E64231 /* PBXContainerItemProxy */;
		};
/* End PBXTargetDependency section */

/* Begin XCBuildConfiguration section */
		0FBE1DBE2A896A7E00E64231 /* Debug */ = {
			isa = XCBuildConfiguration;
			buildSettings = {
				ALWAYS_SEARCH_USER_PATHS = NO;
				CLANG_ANALYZER_NONNULL = YES;
				CLANG_ANALYZER_NUMBER_OBJECT_CONVERSION = YES_AGGRESSIVE;
				CLANG_CXX_LANGUAGE_STANDARD = "gnu++20";
				CLANG_ENABLE_MODULES = YES;
				CLANG_ENABLE_OBJC_ARC = YES;
				CLANG_ENABLE_OBJC_WEAK = YES;
				CLANG_WARN_BLOCK_CAPTURE_AUTORELEASING = YES;
				CLANG_WARN_BOOL_CONVERSION = YES;
				CLANG_WARN_COMMA = YES;
				CLANG_WARN_CONSTANT_CONVERSION = YES;
				CLANG_WARN_DEPRECATED_OBJC_IMPLEMENTATIONS = YES;
				CLANG_WARN_DIRECT_OBJC_ISA_USAGE = YES_ERROR;
				CLANG_WARN_DOCUMENTATION_COMMENTS = YES;
				CLANG_WARN_EMPTY_BODY = YES;
				CLANG_WARN_ENUM_CONVERSION = YES;
				CLANG_WARN_INFINITE_RECURSION = YES;
				CLANG_WARN_INT_CONVERSION = YES;
				CLANG_WARN_NON_LITERAL_NULL_CONVERSION = YES;
				CLANG_WARN_OBJC_IMPLICIT_RETAIN_SELF = YES;
				CLANG_WARN_OBJC_LITERAL_CONVERSION = YES;
				CLANG_WARN_OBJC_ROOT_CLASS = YES_ERROR;
				CLANG_WARN_QUOTED_INCLUDE_IN_FRAMEWORK_HEADER = YES;
				CLANG_WARN_RANGE_LOOP_ANALYSIS = YES;
				CLANG_WARN_STRICT_PROTOTYPES = YES;
				CLANG_WARN_SUSPICIOUS_MOVE = YES;
				CLANG_WARN_UNGUARDED_AVAILABILITY = YES_AGGRESSIVE;
				CLANG_WARN_UNREACHABLE_CODE = YES;
				CLANG_WARN__DUPLICATE_METHOD_MATCH = YES;
				COPY_PHASE_STRIP = NO;
				DEBUG_INFORMATION_FORMAT = dwarf;
				ENABLE_STRICT_OBJC_MSGSEND = YES;
				ENABLE_TESTABILITY = YES;
				GCC_C_LANGUAGE_STANDARD = gnu11;
				GCC_DYNAMIC_NO_PIC = NO;
				GCC_NO_COMMON_BLOCKS = YES;
				GCC_OPTIMIZATION_LEVEL = 0;
				GCC_PREPROCESSOR_DEFINITIONS = (
					"DEBUG=1",
					"$(inherited)",
				);
				GCC_WARN_64_TO_32_BIT_CONVERSION = YES;
				GCC_WARN_ABOUT_RETURN_TYPE = YES_ERROR;
				GCC_WARN_UNDECLARED_SELECTOR = YES;
				GCC_WARN_UNINITIALIZED_AUTOS = YES_AGGRESSIVE;
				GCC_WARN_UNUSED_FUNCTION = YES;
				GCC_WARN_UNUSED_VARIABLE = YES;
				IPHONEOS_DEPLOYMENT_TARGET = 16.4;
				MTL_ENABLE_DEBUG_INFO = INCLUDE_SOURCE;
				MTL_FAST_MATH = YES;
				ONLY_ACTIVE_ARCH = YES;
				SDKROOT = iphoneos;
				SWIFT_ACTIVE_COMPILATION_CONDITIONS = DEBUG;
				SWIFT_OPTIMIZATION_LEVEL = "-Onone";
			};
			name = Debug;
		};
		0FBE1DBF2A896A7E00E64231 /* Release */ = {
			isa = XCBuildConfiguration;
			buildSettings = {
				ALWAYS_SEARCH_USER_PATHS = NO;
				CLANG_ANALYZER_NONNULL = YES;
				CLANG_ANALYZER_NUMBER_OBJECT_CONVERSION = YES_AGGRESSIVE;
				CLANG_CXX_LANGUAGE_STANDARD = "gnu++20";
				CLANG_ENABLE_MODULES = YES;
				CLANG_ENABLE_OBJC_ARC = YES;
				CLANG_ENABLE_OBJC_WEAK = YES;
				CLANG_WARN_BLOCK_CAPTURE_AUTORELEASING = YES;
				CLANG_WARN_BOOL_CONVERSION = YES;
				CLANG_WARN_COMMA = YES;
				CLANG_WARN_CONSTANT_CONVERSION = YES;
				CLANG_WARN_DEPRECATED_OBJC_IMPLEMENTATIONS = YES;
				CLANG_WARN_DIRECT_OBJC_ISA_USAGE = YES_ERROR;
				CLANG_WARN_DOCUMENTATION_COMMENTS = YES;
				CLANG_WARN_EMPTY_BODY = YES;
				CLANG_WARN_ENUM_CONVERSION = YES;
				CLANG_WARN_INFINITE_RECURSION = YES;
				CLANG_WARN_INT_CONVERSION = YES;
				CLANG_WARN_NON_LITERAL_NULL_CONVERSION = YES;
				CLANG_WARN_OBJC_IMPLICIT_RETAIN_SELF = YES;
				CLANG_WARN_OBJC_LITERAL_CONVERSION = YES;
				CLANG_WARN_OBJC_ROOT_CLASS = YES_ERROR;
				CLANG_WARN_QUOTED_INCLUDE_IN_FRAMEWORK_HEADER = YES;
				CLANG_WARN_RANGE_LOOP_ANALYSIS = YES;
				CLANG_WARN_STRICT_PROTOTYPES = YES;
				CLANG_WARN_SUSPICIOUS_MOVE = YES;
				CLANG_WARN_UNGUARDED_AVAILABILITY = YES_AGGRESSIVE;
				CLANG_WARN_UNREACHABLE_CODE = YES;
				CLANG_WARN__DUPLICATE_METHOD_MATCH = YES;
				COPY_PHASE_STRIP = NO;
				DEBUG_INFORMATION_FORMAT = "dwarf-with-dsym";
				ENABLE_NS_ASSERTIONS = NO;
				ENABLE_STRICT_OBJC_MSGSEND = YES;
				GCC_C_LANGUAGE_STANDARD = gnu11;
				GCC_NO_COMMON_BLOCKS = YES;
				GCC_WARN_64_TO_32_BIT_CONVERSION = YES;
				GCC_WARN_ABOUT_RETURN_TYPE = YES_ERROR;
				GCC_WARN_UNDECLARED_SELECTOR = YES;
				GCC_WARN_UNINITIALIZED_AUTOS = YES_AGGRESSIVE;
				GCC_WARN_UNUSED_FUNCTION = YES;
				GCC_WARN_UNUSED_VARIABLE = YES;
				IPHONEOS_DEPLOYMENT_TARGET = 16.4;
				MTL_ENABLE_DEBUG_INFO = NO;
				MTL_FAST_MATH = YES;
				SDKROOT = iphoneos;
				SWIFT_COMPILATION_MODE = wholemodule;
				SWIFT_OPTIMIZATION_LEVEL = "-O";
				VALIDATE_PRODUCT = YES;
			};
			name = Release;
		};
		0FBE1DC12A896A7E00E64231 /* Debug */ = {
			isa = XCBuildConfiguration;
			buildSettings = {
				ASSETCATALOG_COMPILER_APPICON_NAME = AppIcon;
				ASSETCATALOG_COMPILER_GLOBAL_ACCENT_COLOR_NAME = AccentColor;
				CODE_SIGN_STYLE = Automatic;
				CURRENT_PROJECT_VERSION = 1;
				DEVELOPMENT_ASSET_PATHS = "\"Skinatics/Preview Content\"";
				DEVELOPMENT_TEAM = 474XL8PUH3;
				ENABLE_PREVIEWS = YES;
				GENERATE_INFOPLIST_FILE = YES;
				INFOPLIST_FILE = Skinatics/Info.plist;
				INFOPLIST_KEY_UIApplicationSceneManifest_Generation = YES;
				INFOPLIST_KEY_UIApplicationSupportsIndirectInputEvents = YES;
				INFOPLIST_KEY_UILaunchScreen_Generation = YES;
				INFOPLIST_KEY_UISupportedInterfaceOrientations_iPad = "UIInterfaceOrientationPortrait UIInterfaceOrientationPortraitUpsideDown UIInterfaceOrientationLandscapeLeft UIInterfaceOrientationLandscapeRight";
				INFOPLIST_KEY_UISupportedInterfaceOrientations_iPhone = "UIInterfaceOrientationPortrait UIInterfaceOrientationLandscapeLeft UIInterfaceOrientationLandscapeRight";
				LD_RUNPATH_SEARCH_PATHS = (
					"$(inherited)",
					"@executable_path/Frameworks",
				);
				MARKETING_VERSION = 1.0;
				PRODUCT_BUNDLE_IDENTIFIER = None.Skinatics;
				PRODUCT_NAME = "$(TARGET_NAME)";
				SWIFT_EMIT_LOC_STRINGS = YES;
				SWIFT_VERSION = 5.0;
				TARGETED_DEVICE_FAMILY = "1,2";
			};
			name = Debug;
		};
		0FBE1DC22A896A7E00E64231 /* Release */ = {
			isa = XCBuildConfiguration;
			buildSettings = {
				ASSETCATALOG_COMPILER_APPICON_NAME = AppIcon;
				ASSETCATALOG_COMPILER_GLOBAL_ACCENT_COLOR_NAME = AccentColor;
				CODE_SIGN_STYLE = Automatic;
				CURRENT_PROJECT_VERSION = 1;
				DEVELOPMENT_ASSET_PATHS = "\"Skinatics/Preview Content\"";
				DEVELOPMENT_TEAM = 474XL8PUH3;
				ENABLE_PREVIEWS = YES;
				GENERATE_INFOPLIST_FILE = YES;
				INFOPLIST_FILE = Skinatics/Info.plist;
				INFOPLIST_KEY_UIApplicationSceneManifest_Generation = YES;
				INFOPLIST_KEY_UIApplicationSupportsIndirectInputEvents = YES;
				INFOPLIST_KEY_UILaunchScreen_Generation = YES;
				INFOPLIST_KEY_UISupportedInterfaceOrientations_iPad = "UIInterfaceOrientationPortrait UIInterfaceOrientationPortraitUpsideDown UIInterfaceOrientationLandscapeLeft UIInterfaceOrientationLandscapeRight";
				INFOPLIST_KEY_UISupportedInterfaceOrientations_iPhone = "UIInterfaceOrientationPortrait UIInterfaceOrientationLandscapeLeft UIInterfaceOrientationLandscapeRight";
				LD_RUNPATH_SEARCH_PATHS = (
					"$(inherited)",
					"@executable_path/Frameworks",
				);
				MARKETING_VERSION = 1.0;
				PRODUCT_BUNDLE_IDENTIFIER = None.Skinatics;
				PRODUCT_NAME = "$(TARGET_NAME)";
				SWIFT_EMIT_LOC_STRINGS = YES;
				SWIFT_VERSION = 5.0;
				TARGETED_DEVICE_FAMILY = "1,2";
			};
			name = Release;
		};
		0FBE1DC42A896A7E00E64231 /* Debug */ = {
			isa = XCBuildConfiguration;
			buildSettings = {
				ALWAYS_EMBED_SWIFT_STANDARD_LIBRARIES = YES;
				BUNDLE_LOADER = "$(TEST_HOST)";
				CODE_SIGN_STYLE = Automatic;
				CURRENT_PROJECT_VERSION = 1;
				GENERATE_INFOPLIST_FILE = YES;
				IPHONEOS_DEPLOYMENT_TARGET = 16.4;
				MARKETING_VERSION = 1.0;
				PRODUCT_BUNDLE_IDENTIFIER = None.SkinaticsTests;
				PRODUCT_NAME = "$(TARGET_NAME)";
				SWIFT_EMIT_LOC_STRINGS = NO;
				SWIFT_VERSION = 5.0;
				TARGETED_DEVICE_FAMILY = "1,2";
				TEST_HOST = "$(BUILT_PRODUCTS_DIR)/Skinatics.app/$(BUNDLE_EXECUTABLE_FOLDER_PATH)/Skinatics";
			};
			name = Debug;
		};
		0FBE1DC52A896A7E00E64231 /* Release */ = {
			isa = XCBuildConfiguration;
			buildSettings = {
				ALWAYS_EMBED_SWIFT_STANDARD_LIBRARIES = YES;
				BUNDLE_LOADER = "$(TEST_HOST)";
				CODE_SIGN_STYLE = Automatic;
				CURRENT_PROJECT_VERSION = 1;
				GENERATE_INFOPLIST_FILE = YES;
				IPHONEOS_DEPLOYMENT_TARGET = 16.4;
				MARKETING_VERSION = 1.0;
				PRODUCT_BUNDLE_IDENTIFIER = None.SkinaticsTests;
				PRODUCT_NAME = "$(TARGET_NAME)";
				SWIFT_EMIT_LOC_STRINGS = NO;
				SWIFT_VERSION = 5.0;
				TARGETED_DEVICE_FAMILY = "1,2";
				TEST_HOST = "$(BUILT_PRODUCTS_DIR)/Skinatics.app/$(BUNDLE_EXECUTABLE_FOLDER_PATH)/Skinatics";
			};
			name = Release;
		};
		0FBE1DC72A896A7E00E64231 /* Debug */ = {
			isa = XCBuildConfiguration;
			buildSettings = {
				ALWAYS_EMBED_SWIFT_STANDARD_LIBRARIES = YES;
				CODE_SIGN_STYLE = Automatic;
				CURRENT_PROJECT_VERSION = 1;
				GENERATE_INFOPLIST_FILE = YES;
				MARKETING_VERSION = 1.0;
				PRODUCT_BUNDLE_IDENTIFIER = None.SkinaticsUITests;
				PRODUCT_NAME = "$(TARGET_NAME)";
				SWIFT_EMIT_LOC_STRINGS = NO;
				SWIFT_VERSION = 5.0;
				TARGETED_DEVICE_FAMILY = "1,2";
				TEST_TARGET_NAME = Skinatics;
			};
			name = Debug;
		};
		0FBE1DC82A896A7E00E64231 /* Release */ = {
			isa = XCBuildConfiguration;
			buildSettings = {
				ALWAYS_EMBED_SWIFT_STANDARD_LIBRARIES = YES;
				CODE_SIGN_STYLE = Automatic;
				CURRENT_PROJECT_VERSION = 1;
				GENERATE_INFOPLIST_FILE = YES;
				MARKETING_VERSION = 1.0;
				PRODUCT_BUNDLE_IDENTIFIER = None.SkinaticsUITests;
				PRODUCT_NAME = "$(TARGET_NAME)";
				SWIFT_EMIT_LOC_STRINGS = NO;
				SWIFT_VERSION = 5.0;
				TARGETED_DEVICE_FAMILY = "1,2";
				TEST_TARGET_NAME = Skinatics;
			};
			name = Release;
		};
/* End XCBuildConfiguration section */

/* Begin XCConfigurationList section */
		0FBE1D922A896A7C00E64231 /* Build configuration list for PBXProject "Skinatics" */ = {
			isa = XCConfigurationList;
			buildConfigurations = (
				0FBE1DBE2A896A7E00E64231 /* Debug */,
				0FBE1DBF2A896A7E00E64231 /* Release */,
			);
			defaultConfigurationIsVisible = 0;
			defaultConfigurationName = Release;
		};
		0FBE1DC02A896A7E00E64231 /* Build configuration list for PBXNativeTarget "Skinatics" */ = {
			isa = XCConfigurationList;
			buildConfigurations = (
				0FBE1DC12A896A7E00E64231 /* Debug */,
				0FBE1DC22A896A7E00E64231 /* Release */,
			);
			defaultConfigurationIsVisible = 0;
			defaultConfigurationName = Release;
		};
		0FBE1DC32A896A7E00E64231 /* Build configuration list for PBXNativeTarget "SkinaticsTests" */ = {
			isa = XCConfigurationList;
			buildConfigurations = (
				0FBE1DC42A896A7E00E64231 /* Debug */,
				0FBE1DC52A896A7E00E64231 /* Release */,
			);
			defaultConfigurationIsVisible = 0;
			defaultConfigurationName = Release;
		};
		0FBE1DC62A896A7E00E64231 /* Build configuration list for PBXNativeTarget "SkinaticsUITests" */ = {
			isa = XCConfigurationList;
			buildConfigurations = (
				0FBE1DC72A896A7E00E64231 /* Debug */,
				0FBE1DC82A896A7E00E64231 /* Release */,
			);
			defaultConfigurationIsVisible = 0;
			defaultConfigurationName = Release;
		};
/* End XCConfigurationList section */
	};
	rootObject = 0FBE1D8F2A896A7C00E64231 /* Project object */;
}
