// !$*UTF8*$!
{
	archiveVersion = 1;
	classes = {
	};
	objectVersion = 56;
	objects = {

/* Begin PBXBuildFile section */
		0FBE1D9B2A896A7C00E64231 /* SkinaticsApp.swift in Sources */ = {isa = PBXBuildFile; fileRef = 0FBE1D9A2A896A7C00E64231 /* SkinaticsApp.swift */; };
		0FBE1D9D2A896A7C00E64231 /* ContentView.swift in Sources */ = {isa = PBXBuildFile; fileRef = 0FBE1D9C2A896A7C00E64231 /* ContentView.swift */; };
		0FBE1D9F2A896A7D00E64231 /* Assets.xcassets in Resources */ = {isa = PBXBuildFile; fileRef = 0FBE1D9E2A896A7D00E64231 /* Assets.xcassets */; };
		0FBE1DA22A896A7D00E64231 /* Preview Assets.xcassets in Resources */ = {isa = PBXBuildFile; fileRef = 0FBE1DA12A896A7D00E64231 /* Preview Assets.xcassets */; };
		0FDB62452A8B51C1008B19F1 /* Avenir.ttc in Resources */ = {isa = PBXBuildFile; fileRef = 0FDB62442A8B51C1008B19F1 /* Avenir.ttc */; };
		0FDB624F2A8CAAFD008B19F1 /* SkinQuizView.swift in Sources */ = {isa = PBXBuildFile; fileRef = 0FDB624E2A8CAAFD008B19F1 /* SkinQuizView.swift */; };
		0FDB62522A8D026D008B19F1 /* Buttons.swift in Sources */ = {isa = PBXBuildFile; fileRef = 0FDB62512A8D026D008B19F1 /* Buttons.swift */; };
		0FDB62542A8E115E008B19F1 /* SkinIssuesView.swift in Sources */ = {isa = PBXBuildFile; fileRef = 0FDB62532A8E115E008B19F1 /* SkinIssuesView.swift */; };
		0FDB62582A8E124D008B19F1 /* ScreenTitle.swift in Sources */ = {isa = PBXBuildFile; fileRef = 0FDB62572A8E124D008B19F1 /* ScreenTitle.swift */; };
		0FDB625C2A8E1400008B19F1 /* Checkmark.swift in Sources */ = {isa = PBXBuildFile; fileRef = 0FDB625B2A8E1400008B19F1 /* Checkmark.swift */; };
		0FDB625E2A8E14E1008B19F1 /* Checkbox.swift in Sources */ = {isa = PBXBuildFile; fileRef = 0FDB625D2A8E14E1008B19F1 /* Checkbox.swift */; };
		0FDB62602A8E76AA008B19F1 /* CheckItem.swift in Sources */ = {isa = PBXBuildFile; fileRef = 0FDB625F2A8E76AA008B19F1 /* CheckItem.swift */; };
		0FDB62662A8E98BD008B19F1 /* SkinConditionView.swift in Sources */ = {isa = PBXBuildFile; fileRef = 0FDB62652A8E98BD008B19F1 /* SkinConditionView.swift */; };
		0FDB62692A8F68DE008B19F1 /* View+Extensions.swift in Sources */ = {isa = PBXBuildFile; fileRef = 0FDB62682A8F68DE008B19F1 /* View+Extensions.swift */; };
		0FDB626C2A8F6B4C008B19F1 /* SetHelper.swift in Sources */ = {isa = PBXBuildFile; fileRef = 0FDB626B2A8F6B4C008B19F1 /* SetHelper.swift */; };
		0FDB626E2A8FC38C008B19F1 /* OptionGrid.swift in Sources */ = {isa = PBXBuildFile; fileRef = 0FDB626D2A8FC38C008B19F1 /* OptionGrid.swift */; };
/* End PBXBuildFile section */

/* Begin PBXContainerItemProxy section */
		0FBE1DAD2A896A7D00E64231 /* PBXContainerItemProxy */ = {
			isa = PBXContainerItemProxy;
			containerPortal = 0FBE1D8F2A896A7C00E64231 /* Project object */;
			proxyType = 1;
			remoteGlobalIDString = 0FBE1D962A896A7C00E64231;
			remoteInfo = Skinatics;
		};
		0FBE1DB72A896A7E00E64231 /* PBXContainerItemProxy */ = {
			isa = PBXContainerItemProxy;
			containerPortal = 0FBE1D8F2A896A7C00E64231 /* Project object */;
			proxyType = 1;
			remoteGlobalIDString = 0FBE1D962A896A7C00E64231;
			remoteInfo = Skinatics;
		};
/* End PBXContainerItemProxy section */

/* Begin PBXFileReference section */
		0FBE1D972A896A7C00E64231 /* Skinatics.app */ = {isa = PBXFileReference; explicitFileType = wrapper.application; includeInIndex = 0; path = Skinatics.app; sourceTree = BUILT_PRODUCTS_DIR; };
		0FBE1D9A2A896A7C00E64231 /* SkinaticsApp.swift */ = {isa = PBXFileReference; lastKnownFileType = sourcecode.swift; path = SkinaticsApp.swift; sourceTree = "<group>"; };
		0FBE1D9C2A896A7C00E64231 /* ContentView.swift */ = {isa = PBXFileReference; lastKnownFileType = sourcecode.swift; path = ContentView.swift; sourceTree = "<group>"; };
		0FBE1D9E2A896A7D00E64231 /* Assets.xcassets */ = {isa = PBXFileReference; lastKnownFileType = folder.assetcatalog; path = Assets.xcassets; sourceTree = "<group>"; };
		0FBE1DA12A896A7D00E64231 /* Preview Assets.xcassets */ = {isa = PBXFileReference; lastKnownFileType = folder.assetcatalog; path = "Preview Assets.xcassets"; sourceTree = "<group>"; };
		0FBE1DAC2A896A7D00E64231 /* SkinaticsTests.xctest */ = {isa = PBXFileReference; explicitFileType = wrapper.cfbundle; includeInIndex = 0; path = SkinaticsTests.xctest; sourceTree = BUILT_PRODUCTS_DIR; };
		0FBE1DB62A896A7E00E64231 /* SkinaticsUITests.xctest */ = {isa = PBXFileReference; explicitFileType = wrapper.cfbundle; includeInIndex = 0; path = SkinaticsUITests.xctest; sourceTree = BUILT_PRODUCTS_DIR; };
		0FDB62442A8B51C1008B19F1 /* Avenir.ttc */ = {isa = PBXFileReference; lastKnownFileType = file; path = Avenir.ttc; sourceTree = "<group>"; };
		0FDB624E2A8CAAFD008B19F1 /* SkinQuizView.swift */ = {isa = PBXFileReference; lastKnownFileType = sourcecode.swift; path = SkinQuizView.swift; sourceTree = "<group>"; };
		0FDB62512A8D026D008B19F1 /* Buttons.swift */ = {isa = PBXFileReference; lastKnownFileType = sourcecode.swift; path = Buttons.swift; sourceTree = "<group>"; };
		0FDB62532A8E115E008B19F1 /* SkinIssuesView.swift */ = {isa = PBXFileReference; lastKnownFileType = sourcecode.swift; path = SkinIssuesView.swift; sourceTree = "<group>"; };
		0FDB62572A8E124D008B19F1 /* ScreenTitle.swift */ = {isa = PBXFileReference; lastKnownFileType = sourcecode.swift; path = ScreenTitle.swift; sourceTree = "<group>"; };
		0FDB625B2A8E1400008B19F1 /* Checkmark.swift */ = {isa = PBXFileReference; lastKnownFileType = sourcecode.swift; path = Checkmark.swift; sourceTree = "<group>"; };
		0FDB625D2A8E14E1008B19F1 /* Checkbox.swift */ = {isa = PBXFileReference; lastKnownFileType = sourcecode.swift; path = Checkbox.swift; sourceTree = "<group>"; };
		0FDB625F2A8E76AA008B19F1 /* CheckItem.swift */ = {isa = PBXFileReference; lastKnownFileType = sourcecode.swift; path = CheckItem.swift; sourceTree = "<group>"; };
		0FDB62652A8E98BD008B19F1 /* SkinConditionView.swift */ = {isa = PBXFileReference; lastKnownFileType = sourcecode.swift; path = SkinConditionView.swift; sourceTree = "<group>"; };
		0FDB62682A8F68DE008B19F1 /* View+Extensions.swift */ = {isa = PBXFileReference; lastKnownFileType = sourcecode.swift; path = "View+Extensions.swift"; sourceTree = "<group>"; };
		0FDB626B2A8F6B4C008B19F1 /* SetHelper.swift */ = {isa = PBXFileReference; lastKnownFileType = sourcecode.swift; path = SetHelper.swift; sourceTree = "<group>"; };
		0FDB626D2A8FC38C008B19F1 /* OptionGrid.swift */ = {isa = PBXFileReference; lastKnownFileType = sourcecode.swift; path = OptionGrid.swift; sourceTree = "<group>"; };
/* End PBXFileReference section */

/* Begin PBXFrameworksBuildPhase section */
		0FBE1D942A896A7C00E64231 /* Frameworks */ = {
			isa = PBXFrameworksBuildPhase;
			buildActionMask = 2147483647;
			files = (
			);
			runOnlyForDeploymentPostprocessing = 0;
		};
		0FBE1DA92A896A7D00E64231 /* Frameworks */ = {
			isa = PBXFrameworksBuildPhase;
			buildActionMask = 2147483647;
			files = (
			);
			runOnlyForDeploymentPostprocessing = 0;
		};
		0FBE1DB32A896A7E00E64231 /* Frameworks */ = {
			isa = PBXFrameworksBuildPhase;
			buildActionMask = 2147483647;
			files = (
			);
			runOnlyForDeploymentPostprocessing = 0;
		};
/* End PBXFrameworksBuildPhase section */

/* Begin PBXGroup section */
		0FBE1D8E2A896A7C00E64231 = {
			isa = PBXGroup;
			children = (
				0FBE1D992A896A7C00E64231 /* Skinatics */,
				0FBE1D982A896A7C00E64231 /* Products */,
			);
			sourceTree = "<group>";
		};
		0FBE1D982A896A7C00E64231 /* Products */ = {
			isa = PBXGroup;
			children = (
				0FBE1D972A896A7C00E64231 /* Skinatics.app */,
				0FBE1DAC2A896A7D00E64231 /* SkinaticsTests.xctest */,
				0FBE1DB62A896A7E00E64231 /* SkinaticsUITests.xctest */,
			);
			name = Products;
			sourceTree = "<group>";
		};
		0FBE1D992A896A7C00E64231 /* Skinatics */ = {
			isa = PBXGroup;
			children = (
				0FDB62552A8E1180008B19F1 /* View */,
				0FDB62502A8D0250008B19F1 /* UIComponents */,
				0FDB62422A8B5182008B19F1 /* Resources */,
				0FBE1D9A2A896A7C00E64231 /* SkinaticsApp.swift */,
				0FBE1D9C2A896A7C00E64231 /* ContentView.swift */,
				0FBE1D9E2A896A7D00E64231 /* Assets.xcassets */,
				0FBE1DA02A896A7D00E64231 /* Preview Content */,
			);
			path = Skinatics;
			sourceTree = "<group>";
		};
		0FBE1DA02A896A7D00E64231 /* Preview Content */ = {
			isa = PBXGroup;
			children = (
				0FBE1DA12A896A7D00E64231 /* Preview Assets.xcassets */,
			);
			path = "Preview Content";
			sourceTree = "<group>";
		};
		0FDB62422A8B5182008B19F1 /* Resources */ = {
			isa = PBXGroup;
			children = (
				0FDB62432A8B5194008B19F1 /* fonts */,
			);
			path = Resources;
			sourceTree = "<group>";
		};
		0FDB62432A8B5194008B19F1 /* fonts */ = {
			isa = PBXGroup;
			children = (
				0FDB62442A8B51C1008B19F1 /* Avenir.ttc */,
			);
			path = fonts;
			sourceTree = "<group>";
		};
		0FDB62502A8D0250008B19F1 /* UIComponents */ = {
			isa = PBXGroup;
			children = (
				0FDB62512A8D026D008B19F1 /* Buttons.swift */,
				0FDB62572A8E124D008B19F1 /* ScreenTitle.swift */,
			);
			path = UIComponents;
			sourceTree = "<group>";
		};
		0FDB62552A8E1180008B19F1 /* View */ = {
			isa = PBXGroup;
			children = (
				0FDB62672A8F686C008B19F1 /* Extension */,
				0FDB62592A8E1373008B19F1 /* SkinQuiz */,
			);
			path = View;
			sourceTree = "<group>";
		};
		0FDB62592A8E1373008B19F1 /* SkinQuiz */ = {
			isa = PBXGroup;
			children = (
				0FDB626A2A8F6ACF008B19F1 /* Helper */,
				0FDB625A2A8E13F0008B19F1 /* Subviews */,
				0FDB624E2A8CAAFD008B19F1 /* SkinQuizView.swift */,
				0FDB62532A8E115E008B19F1 /* SkinIssuesView.swift */,
				0FDB62652A8E98BD008B19F1 /* SkinConditionView.swift */,
			);
			path = SkinQuiz;
			sourceTree = "<group>";
		};
		0FDB625A2A8E13F0008B19F1 /* Subviews */ = {
			isa = PBXGroup;
			children = (
				0FDB625B2A8E1400008B19F1 /* Checkmark.swift */,
				0FDB625D2A8E14E1008B19F1 /* Checkbox.swift */,
				0FDB625F2A8E76AA008B19F1 /* CheckItem.swift */,
				0FDB626D2A8FC38C008B19F1 /* OptionGrid.swift */,
			);
			path = Subviews;
			sourceTree = "<group>";
		};
		0FDB62672A8F686C008B19F1 /* Extension */ = {
			isa = PBXGroup;
			children = (
				0FDB62682A8F68DE008B19F1 /* View+Extensions.swift */,
			);
			path = Extension;
			sourceTree = "<group>";
		};
		0FDB626A2A8F6ACF008B19F1 /* Helper */ = {
			isa = PBXGroup;
			children = (
				0FDB626B2A8F6B4C008B19F1 /* SetHelper.swift */,
			);
			path = Helper;
			sourceTree = "<group>";
		};
/* End PBXGroup section */

/* Begin PBXNativeTarget section */
		0FBE1D962A896A7C00E64231 /* Skinatics */ = {
			isa = PBXNativeTarget;
			buildConfigurationList = 0FBE1DC02A896A7E00E64231 /* Build configuration list for PBXNativeTarget "Skinatics" */;
			buildPhases = (
				0FBE1D932A896A7C00E64231 /* Sources */,
				0FBE1D942A896A7C00E64231 /* Frameworks */,
				0FBE1D952A896A7C00E64231 /* Resources */,
			);
			buildRules = (
			);
			dependencies = (
			);
			name = Skinatics;
			productName = Skinatics;
			productReference = 0FBE1D972A896A7C00E64231 /* Skinatics.app */;
			productType = "com.apple.product-type.application";
		};
		0FBE1DAB2A896A7D00E64231 /* SkinaticsTests */ = {
			isa = PBXNativeTarget;
			buildConfigurationList = 0FBE1DC32A896A7E00E64231 /* Build configuration list for PBXNativeTarget "SkinaticsTests" */;
			buildPhases = (
				0FBE1DA82A896A7D00E64231 /* Sources */,
				0FBE1DA92A896A7D00E64231 /* Frameworks */,
				0FBE1DAA2A896A7D00E64231 /* Resources */,
			);
			buildRules = (
			);
			dependencies = (
				0FBE1DAE2A896A7D00E64231 /* PBXTargetDependency */,
			);
			name = SkinaticsTests;
			productName = SkinaticsTests;
			productReference = 0FBE1DAC2A896A7D00E64231 /* SkinaticsTests.xctest */;
			productType = "com.apple.product-type.bundle.unit-test";
		};
		0FBE1DB52A896A7E00E64231 /* SkinaticsUITests */ = {
			isa = PBXNativeTarget;
			buildConfigurationList = 0FBE1DC62A896A7E00E64231 /* Build configuration list for PBXNativeTarget "SkinaticsUITests" */;
			buildPhases = (
				0FBE1DB22A896A7E00E64231 /* Sources */,
				0FBE1DB32A896A7E00E64231 /* Frameworks */,
				0FBE1DB42A896A7E00E64231 /* Resources */,
			);
			buildRules = (
			);
			dependencies = (
				0FBE1DB82A896A7E00E64231 /* PBXTargetDependency */,
			);
			name = SkinaticsUITests;
			productName = SkinaticsUITests;
			productReference = 0FBE1DB62A896A7E00E64231 /* SkinaticsUITests.xctest */;
			productType = "com.apple.product-type.bundle.ui-testing";
		};
/* End PBXNativeTarget section */

/* Begin PBXProject section */
		0FBE1D8F2A896A7C00E64231 /* Project object */ = {
			isa = PBXProject;
			attributes = {
				BuildIndependentTargetsInParallel = 1;
				LastSwiftUpdateCheck = 1430;
				LastUpgradeCheck = 1430;
				TargetAttributes = {
					0FBE1D962A896A7C00E64231 = {
						CreatedOnToolsVersion = 14.3;
					};
					0FBE1DAB2A896A7D00E64231 = {
						CreatedOnToolsVersion = 14.3;
						TestTargetID = 0FBE1D962A896A7C00E64231;
					};
					0FBE1DB52A896A7E00E64231 = {
						CreatedOnToolsVersion = 14.3;
						TestTargetID = 0FBE1D962A896A7C00E64231;
					};
				};
			};
			buildConfigurationList = 0FBE1D922A896A7C00E64231 /* Build configuration list for PBXProject "Skinatics" */;
			compatibilityVersion = "Xcode 14.0";
			developmentRegion = en;
			hasScannedForEncodings = 0;
			knownRegions = (
				en,
				Base,
			);
			mainGroup = 0FBE1D8E2A896A7C00E64231;
			productRefGroup = 0FBE1D982A896A7C00E64231 /* Products */;
			projectDirPath = "";
			projectRoot = "";
			targets = (
				0FBE1D962A896A7C00E64231 /* Skinatics */,
				0FBE1DAB2A896A7D00E64231 /* SkinaticsTests */,
				0FBE1DB52A896A7E00E64231 /* SkinaticsUITests */,
			);
		};
/* End PBXProject section */

/* Begin PBXResourcesBuildPhase section */
		0FBE1D952A896A7C00E64231 /* Resources */ = {
			isa = PBXResourcesBuildPhase;
			buildActionMask = 2147483647;
			files = (
				0FBE1DA22A896A7D00E64231 /* Preview Assets.xcassets in Resources */,
				0FBE1D9F2A896A7D00E64231 /* Assets.xcassets in Resources */,
				0FDB62452A8B51C1008B19F1 /* Avenir.ttc in Resources */,
			);
			runOnlyForDeploymentPostprocessing = 0;
		};
		0FBE1DAA2A896A7D00E64231 /* Resources */ = {
			isa = PBXResourcesBuildPhase;
			buildActionMask = 2147483647;
			files = (
			);
			runOnlyForDeploymentPostprocessing = 0;
		};
		0FBE1DB42A896A7E00E64231 /* Resources */ = {
			isa = PBXResourcesBuildPhase;
			buildActionMask = 2147483647;
			files = (
			);
			runOnlyForDeploymentPostprocessing = 0;
		};
/* End PBXResourcesBuildPhase section */

/* Begin PBXSourcesBuildPhase section */
		0FBE1D932A896A7C00E64231 /* Sources */ = {
			isa = PBXSourcesBuildPhase;
			buildActionMask = 2147483647;
			files = (
				0FDB625E2A8E14E1008B19F1 /* Checkbox.swift in Sources */,
				0FBE1D9D2A896A7C00E64231 /* ContentView.swift in Sources */,
				0FDB626C2A8F6B4C008B19F1 /* SetHelper.swift in Sources */,
				0FDB62692A8F68DE008B19F1 /* View+Extensions.swift in Sources */,
				0FDB62602A8E76AA008B19F1 /* CheckItem.swift in Sources */,
				0FDB62662A8E98BD008B19F1 /* SkinConditionView.swift in Sources */,
				0FDB624F2A8CAAFD008B19F1 /* SkinQuizView.swift in Sources */,
				0FDB62542A8E115E008B19F1 /* SkinIssuesView.swift in Sources */,
				0FDB62522A8D026D008B19F1 /* Buttons.swift in Sources */,
				0FDB62582A8E124D008B19F1 /* ScreenTitle.swift in Sources */,
				0FBE1D9B2A896A7C00E64231 /* SkinaticsApp.swift in Sources */,
				0FDB626E2A8FC38C008B19F1 /* OptionGrid.swift in Sources */,
				0FDB625C2A8E1400008B19F1 /* Checkmark.swift in Sources */,
			);
			runOnlyForDeploymentPostprocessing = 0;
		};
		0FBE1DA82A896A7D00E64231 /* Sources */ = {
			isa = PBXSourcesBuildPhase;
			buildActionMask = 2147483647;
			files = (
			);
			runOnlyForDeploymentPostprocessing = 0;
		};
		0FBE1DB22A896A7E00E64231 /* Sources */ = {
			isa = PBXSourcesBuildPhase;
			buildActionMask = 2147483647;
			files = (
			);
			runOnlyForDeploymentPostprocessing = 0;
		};
/* End PBXSourcesBuildPhase section */

/* Begin PBXTargetDependency section */
		0FBE1DAE2A896A7D00E64231 /* PBXTargetDependency */ = {
			isa = PBXTargetDependency;
			target = 0FBE1D962A896A7C00E64231 /* Skinatics */;
			targetProxy = 0FBE1DAD2A896A7D00E64231 /* PBXContainerItemProxy */;
		};
		0FBE1DB82A896A7E00E64231 /* PBXTargetDependency */ = {
			isa = PBXTargetDependency;
			target = 0FBE1D962A896A7C00E64231 /* Skinatics */;
			targetProxy = 0FBE1DB72A896A7E00E64231 /* PBXContainerItemProxy */;
		};
/* End PBXTargetDependency section */

/* Begin XCBuildConfiguration section */
		0FBE1DBE2A896A7E00E64231 /* Debug */ = {
			isa = XCBuildConfiguration;
			buildSettings = {
				ALWAYS_SEARCH_USER_PATHS = NO;
				CLANG_ANALYZER_NONNULL = YES;
				CLANG_ANALYZER_NUMBER_OBJECT_CONVERSION = YES_AGGRESSIVE;
				CLANG_CXX_LANGUAGE_STANDARD = "gnu++20";
				CLANG_ENABLE_MODULES = YES;
				CLANG_ENABLE_OBJC_ARC = YES;
				CLANG_ENABLE_OBJC_WEAK = YES;
				CLANG_WARN_BLOCK_CAPTURE_AUTORELEASING = YES;
				CLANG_WARN_BOOL_CONVERSION = YES;
				CLANG_WARN_COMMA = YES;
				CLANG_WARN_CONSTANT_CONVERSION = YES;
				CLANG_WARN_DEPRECATED_OBJC_IMPLEMENTATIONS = YES;
				CLANG_WARN_DIRECT_OBJC_ISA_USAGE = YES_ERROR;
				CLANG_WARN_DOCUMENTATION_COMMENTS = YES;
				CLANG_WARN_EMPTY_BODY = YES;
				CLANG_WARN_ENUM_CONVERSION = YES;
				CLANG_WARN_INFINITE_RECURSION = YES;
				CLANG_WARN_INT_CONVERSION = YES;
				CLANG_WARN_NON_LITERAL_NULL_CONVERSION = YES;
				CLANG_WARN_OBJC_IMPLICIT_RETAIN_SELF = YES;
				CLANG_WARN_OBJC_LITERAL_CONVERSION = YES;
				CLANG_WARN_OBJC_ROOT_CLASS = YES_ERROR;
				CLANG_WARN_QUOTED_INCLUDE_IN_FRAMEWORK_HEADER = YES;
				CLANG_WARN_RANGE_LOOP_ANALYSIS = YES;
				CLANG_WARN_STRICT_PROTOTYPES = YES;
				CLANG_WARN_SUSPICIOUS_MOVE = YES;
				CLANG_WARN_UNGUARDED_AVAILABILITY = YES_AGGRESSIVE;
				CLANG_WARN_UNREACHABLE_CODE = YES;
				CLANG_WARN__DUPLICATE_METHOD_MATCH = YES;
				COPY_PHASE_STRIP = NO;
				DEBUG_INFORMATION_FORMAT = dwarf;
				ENABLE_STRICT_OBJC_MSGSEND = YES;
				ENABLE_TESTABILITY = YES;
				GCC_C_LANGUAGE_STANDARD = gnu11;
				GCC_DYNAMIC_NO_PIC = NO;
				GCC_NO_COMMON_BLOCKS = YES;
				GCC_OPTIMIZATION_LEVEL = 0;
				GCC_PREPROCESSOR_DEFINITIONS = (
					"DEBUG=1",
					"$(inherited)",
				);
				GCC_WARN_64_TO_32_BIT_CONVERSION = YES;
				GCC_WARN_ABOUT_RETURN_TYPE = YES_ERROR;
				GCC_WARN_UNDECLARED_SELECTOR = YES;
				GCC_WARN_UNINITIALIZED_AUTOS = YES_AGGRESSIVE;
				GCC_WARN_UNUSED_FUNCTION = YES;
				GCC_WARN_UNUSED_VARIABLE = YES;
				IPHONEOS_DEPLOYMENT_TARGET = 16.4;
				MTL_ENABLE_DEBUG_INFO = INCLUDE_SOURCE;
				MTL_FAST_MATH = YES;
				ONLY_ACTIVE_ARCH = YES;
				SDKROOT = iphoneos;
				SWIFT_ACTIVE_COMPILATION_CONDITIONS = DEBUG;
				SWIFT_OPTIMIZATION_LEVEL = "-Onone";
			};
			name = Debug;
		};
		0FBE1DBF2A896A7E00E64231 /* Release */ = {
			isa = XCBuildConfiguration;
			buildSettings = {
				ALWAYS_SEARCH_USER_PATHS = NO;
				CLANG_ANALYZER_NONNULL = YES;
				CLANG_ANALYZER_NUMBER_OBJECT_CONVERSION = YES_AGGRESSIVE;
				CLANG_CXX_LANGUAGE_STANDARD = "gnu++20";
				CLANG_ENABLE_MODULES = YES;
				CLANG_ENABLE_OBJC_ARC = YES;
				CLANG_ENABLE_OBJC_WEAK = YES;
				CLANG_WARN_BLOCK_CAPTURE_AUTORELEASING = YES;
				CLANG_WARN_BOOL_CONVERSION = YES;
				CLANG_WARN_COMMA = YES;
				CLANG_WARN_CONSTANT_CONVERSION = YES;
				CLANG_WARN_DEPRECATED_OBJC_IMPLEMENTATIONS = YES;
				CLANG_WARN_DIRECT_OBJC_ISA_USAGE = YES_ERROR;
				CLANG_WARN_DOCUMENTATION_COMMENTS = YES;
				CLANG_WARN_EMPTY_BODY = YES;
				CLANG_WARN_ENUM_CONVERSION = YES;
				CLANG_WARN_INFINITE_RECURSION = YES;
				CLANG_WARN_INT_CONVERSION = YES;
				CLANG_WARN_NON_LITERAL_NULL_CONVERSION = YES;
				CLANG_WARN_OBJC_IMPLICIT_RETAIN_SELF = YES;
				CLANG_WARN_OBJC_LITERAL_CONVERSION = YES;
				CLANG_WARN_OBJC_ROOT_CLASS = YES_ERROR;
				CLANG_WARN_QUOTED_INCLUDE_IN_FRAMEWORK_HEADER = YES;
				CLANG_WARN_RANGE_LOOP_ANALYSIS = YES;
				CLANG_WARN_STRICT_PROTOTYPES = YES;
				CLANG_WARN_SUSPICIOUS_MOVE = YES;
				CLANG_WARN_UNGUARDED_AVAILABILITY = YES_AGGRESSIVE;
				CLANG_WARN_UNREACHABLE_CODE = YES;
				CLANG_WARN__DUPLICATE_METHOD_MATCH = YES;
				COPY_PHASE_STRIP = NO;
				DEBUG_INFORMATION_FORMAT = "dwarf-with-dsym";
				ENABLE_NS_ASSERTIONS = NO;
				ENABLE_STRICT_OBJC_MSGSEND = YES;
				GCC_C_LANGUAGE_STANDARD = gnu11;
				GCC_NO_COMMON_BLOCKS = YES;
				GCC_WARN_64_TO_32_BIT_CONVERSION = YES;
				GCC_WARN_ABOUT_RETURN_TYPE = YES_ERROR;
				GCC_WARN_UNDECLARED_SELECTOR = YES;
				GCC_WARN_UNINITIALIZED_AUTOS = YES_AGGRESSIVE;
				GCC_WARN_UNUSED_FUNCTION = YES;
				GCC_WARN_UNUSED_VARIABLE = YES;
				IPHONEOS_DEPLOYMENT_TARGET = 16.4;
				MTL_ENABLE_DEBUG_INFO = NO;
				MTL_FAST_MATH = YES;
				SDKROOT = iphoneos;
				SWIFT_COMPILATION_MODE = wholemodule;
				SWIFT_OPTIMIZATION_LEVEL = "-O";
				VALIDATE_PRODUCT = YES;
			};
			name = Release;
		};
		0FBE1DC12A896A7E00E64231 /* Debug */ = {
			isa = XCBuildConfiguration;
			buildSettings = {
				ASSETCATALOG_COMPILER_APPICON_NAME = AppIcon;
				ASSETCATALOG_COMPILER_GLOBAL_ACCENT_COLOR_NAME = AccentColor;
				CODE_SIGN_STYLE = Automatic;
				CURRENT_PROJECT_VERSION = 1;
				DEVELOPMENT_ASSET_PATHS = "\"Skinatics/Preview Content\"";
				ENABLE_PREVIEWS = YES;
				GENERATE_INFOPLIST_FILE = YES;
				INFOPLIST_KEY_UIApplicationSceneManifest_Generation = YES;
				INFOPLIST_KEY_UIApplicationSupportsIndirectInputEvents = YES;
				INFOPLIST_KEY_UILaunchScreen_Generation = YES;
				INFOPLIST_KEY_UISupportedInterfaceOrientations_iPad = "UIInterfaceOrientationPortrait UIInterfaceOrientationPortraitUpsideDown UIInterfaceOrientationLandscapeLeft UIInterfaceOrientationLandscapeRight";
				INFOPLIST_KEY_UISupportedInterfaceOrientations_iPhone = "UIInterfaceOrientationPortrait UIInterfaceOrientationLandscapeLeft UIInterfaceOrientationLandscapeRight";
				LD_RUNPATH_SEARCH_PATHS = (
					"$(inherited)",
					"@executable_path/Frameworks",
				);
				MARKETING_VERSION = 1.0;
				PRODUCT_BUNDLE_IDENTIFIER = None.Skinatics;
				PRODUCT_NAME = "$(TARGET_NAME)";
				SWIFT_EMIT_LOC_STRINGS = YES;
				SWIFT_VERSION = 5.0;
				TARGETED_DEVICE_FAMILY = "1,2";
			};
			name = Debug;
		};
		0FBE1DC22A896A7E00E64231 /* Release */ = {
			isa = XCBuildConfiguration;
			buildSettings = {
				ASSETCATALOG_COMPILER_APPICON_NAME = AppIcon;
				ASSETCATALOG_COMPILER_GLOBAL_ACCENT_COLOR_NAME = AccentColor;
				CODE_SIGN_STYLE = Automatic;
				CURRENT_PROJECT_VERSION = 1;
				DEVELOPMENT_ASSET_PATHS = "\"Skinatics/Preview Content\"";
				ENABLE_PREVIEWS = YES;
				GENERATE_INFOPLIST_FILE = YES;
				INFOPLIST_KEY_UIApplicationSceneManifest_Generation = YES;
				INFOPLIST_KEY_UIApplicationSupportsIndirectInputEvents = YES;
				INFOPLIST_KEY_UILaunchScreen_Generation = YES;
				INFOPLIST_KEY_UISupportedInterfaceOrientations_iPad = "UIInterfaceOrientationPortrait UIInterfaceOrientationPortraitUpsideDown UIInterfaceOrientationLandscapeLeft UIInterfaceOrientationLandscapeRight";
				INFOPLIST_KEY_UISupportedInterfaceOrientations_iPhone = "UIInterfaceOrientationPortrait UIInterfaceOrientationLandscapeLeft UIInterfaceOrientationLandscapeRight";
				LD_RUNPATH_SEARCH_PATHS = (
					"$(inherited)",
					"@executable_path/Frameworks",
				);
				MARKETING_VERSION = 1.0;
				PRODUCT_BUNDLE_IDENTIFIER = None.Skinatics;
				PRODUCT_NAME = "$(TARGET_NAME)";
				SWIFT_EMIT_LOC_STRINGS = YES;
				SWIFT_VERSION = 5.0;
				TARGETED_DEVICE_FAMILY = "1,2";
			};
			name = Release;
		};
		0FBE1DC42A896A7E00E64231 /* Debug */ = {
			isa = XCBuildConfiguration;
			buildSettings = {
				ALWAYS_EMBED_SWIFT_STANDARD_LIBRARIES = YES;
				BUNDLE_LOADER = "$(TEST_HOST)";
				CODE_SIGN_STYLE = Automatic;
				CURRENT_PROJECT_VERSION = 1;
				GENERATE_INFOPLIST_FILE = YES;
				IPHONEOS_DEPLOYMENT_TARGET = 16.4;
				MARKETING_VERSION = 1.0;
				PRODUCT_BUNDLE_IDENTIFIER = None.SkinaticsTests;
				PRODUCT_NAME = "$(TARGET_NAME)";
				SWIFT_EMIT_LOC_STRINGS = NO;
				SWIFT_VERSION = 5.0;
				TARGETED_DEVICE_FAMILY = "1,2";
				TEST_HOST = "$(BUILT_PRODUCTS_DIR)/Skinatics.app/$(BUNDLE_EXECUTABLE_FOLDER_PATH)/Skinatics";
			};
			name = Debug;
		};
		0FBE1DC52A896A7E00E64231 /* Release */ = {
			isa = XCBuildConfiguration;
			buildSettings = {
				ALWAYS_EMBED_SWIFT_STANDARD_LIBRARIES = YES;
				BUNDLE_LOADER = "$(TEST_HOST)";
				CODE_SIGN_STYLE = Automatic;
				CURRENT_PROJECT_VERSION = 1;
				GENERATE_INFOPLIST_FILE = YES;
				IPHONEOS_DEPLOYMENT_TARGET = 16.4;
				MARKETING_VERSION = 1.0;
				PRODUCT_BUNDLE_IDENTIFIER = None.SkinaticsTests;
				PRODUCT_NAME = "$(TARGET_NAME)";
				SWIFT_EMIT_LOC_STRINGS = NO;
				SWIFT_VERSION = 5.0;
				TARGETED_DEVICE_FAMILY = "1,2";
				TEST_HOST = "$(BUILT_PRODUCTS_DIR)/Skinatics.app/$(BUNDLE_EXECUTABLE_FOLDER_PATH)/Skinatics";
			};
			name = Release;
		};
		0FBE1DC72A896A7E00E64231 /* Debug */ = {
			isa = XCBuildConfiguration;
			buildSettings = {
				ALWAYS_EMBED_SWIFT_STANDARD_LIBRARIES = YES;
				CODE_SIGN_STYLE = Automatic;
				CURRENT_PROJECT_VERSION = 1;
				GENERATE_INFOPLIST_FILE = YES;
				MARKETING_VERSION = 1.0;
				PRODUCT_BUNDLE_IDENTIFIER = None.SkinaticsUITests;
				PRODUCT_NAME = "$(TARGET_NAME)";
				SWIFT_EMIT_LOC_STRINGS = NO;
				SWIFT_VERSION = 5.0;
				TARGETED_DEVICE_FAMILY = "1,2";
				TEST_TARGET_NAME = Skinatics;
			};
			name = Debug;
		};
		0FBE1DC82A896A7E00E64231 /* Release */ = {
			isa = XCBuildConfiguration;
			buildSettings = {
				ALWAYS_EMBED_SWIFT_STANDARD_LIBRARIES = YES;
				CODE_SIGN_STYLE = Automatic;
				CURRENT_PROJECT_VERSION = 1;
				GENERATE_INFOPLIST_FILE = YES;
				MARKETING_VERSION = 1.0;
				PRODUCT_BUNDLE_IDENTIFIER = None.SkinaticsUITests;
				PRODUCT_NAME = "$(TARGET_NAME)";
				SWIFT_EMIT_LOC_STRINGS = NO;
				SWIFT_VERSION = 5.0;
				TARGETED_DEVICE_FAMILY = "1,2";
				TEST_TARGET_NAME = Skinatics;
			};
			name = Release;
		};
/* End XCBuildConfiguration section */

/* Begin XCConfigurationList section */
		0FBE1D922A896A7C00E64231 /* Build configuration list for PBXProject "Skinatics" */ = {
			isa = XCConfigurationList;
			buildConfigurations = (
				0FBE1DBE2A896A7E00E64231 /* Debug */,
				0FBE1DBF2A896A7E00E64231 /* Release */,
			);
			defaultConfigurationIsVisible = 0;
			defaultConfigurationName = Release;
		};
		0FBE1DC02A896A7E00E64231 /* Build configuration list for PBXNativeTarget "Skinatics" */ = {
			isa = XCConfigurationList;
			buildConfigurations = (
				0FBE1DC12A896A7E00E64231 /* Debug */,
				0FBE1DC22A896A7E00E64231 /* Release */,
			);
			defaultConfigurationIsVisible = 0;
			defaultConfigurationName = Release;
		};
		0FBE1DC32A896A7E00E64231 /* Build configuration list for PBXNativeTarget "SkinaticsTests" */ = {
			isa = XCConfigurationList;
			buildConfigurations = (
				0FBE1DC42A896A7E00E64231 /* Debug */,
				0FBE1DC52A896A7E00E64231 /* Release */,
			);
			defaultConfigurationIsVisible = 0;
			defaultConfigurationName = Release;
		};
		0FBE1DC62A896A7E00E64231 /* Build configuration list for PBXNativeTarget "SkinaticsUITests" */ = {
			isa = XCConfigurationList;
			buildConfigurations = (
				0FBE1DC72A896A7E00E64231 /* Debug */,
				0FBE1DC82A896A7E00E64231 /* Release */,
			);
			defaultConfigurationIsVisible = 0;
			defaultConfigurationName = Release;
		};
/* End XCConfigurationList section */
	};
	rootObject = 0FBE1D8F2A896A7C00E64231 /* Project object */;
}
